
Microsoft Visual Studio Solution File, Format Version 12.00
# Visual Studio 2012
Project("{FAE04EC0-301F-11D3-BF4B-00C04F79EFBC}") = "CereVoice", "CereVoice.csproj", "{8FA3B67B-6A5A-4382-A4B5-1DD59AF7CA88}"
EndProject
Global
	GlobalSection(SolutionConfigurationPlatforms) = preSolution
		Debug|Any CPU = Debug|Any CPU
		Release|Any CPU = Release|Any CPU
	EndGlobalSection
	GlobalSection(ProjectConfigurationPlatforms) = postSolution
		{8FA3B67B-6A5A-4382-A4B5-1DD59AF7CA88}.Debug|Any CPU.ActiveCfg = Debug|Any CPU
		{8FA3B67B-6A5A-4382-A4B5-1DD59AF7CA88}.Debug|Any CPU.Build.0 = Debug|Any CPU
		{8FA3B67B-6A5A-4382-A4B5-1DD59AF7CA88}.Release|Any CPU.ActiveCfg = Release|Any CPU
		{8FA3B67B-6A5A-4382-A4B5-1DD59AF7CA88}.Release|Any CPU.Build.0 = Release|Any CPU
	EndGlobalSection
	GlobalSection(SolutionProperties) = preSolution
		HideSolutionNode = FALSE
	EndGlobalSection
EndGlobal
